// !$*UTF8*$!
{
	archiveVersion = 1;
	classes = {
	};
	objectVersion = 48;
	objects = {

/* Begin PBXBuildFile section */
		40D8BF84225D4B170065BB7F /* TareaCompletadaViewController.swift in Sources */ = {isa = PBXBuildFile; fileRef = 40D8BF83225D4B170065BB7F /* TareaCompletadaViewController.swift */; };
		AB4EB509225D08E800C2CC76 /* AppDelegate.swift in Sources */ = {isa = PBXBuildFile; fileRef = AB4EB508225D08E800C2CC76 /* AppDelegate.swift */; };
		AB4EB50B225D08E800C2CC76 /* ViewController.swift in Sources */ = {isa = PBXBuildFile; fileRef = AB4EB50A225D08E800C2CC76 /* ViewController.swift */; };
		AB4EB50E225D08E800C2CC76 /* Main.storyboard in Resources */ = {isa = PBXBuildFile; fileRef = AB4EB50C225D08E800C2CC76 /* Main.storyboard */; };
		AB4EB511225D08E800C2CC76 /* Tareas.xcdatamodeld in Sources */ = {isa = PBXBuildFile; fileRef = AB4EB50F225D08E800C2CC76 /* Tareas.xcdatamodeld */; };
		AB4EB513225D08E800C2CC76 /* Assets.xcassets in Resources */ = {isa = PBXBuildFile; fileRef = AB4EB512225D08E800C2CC76 /* Assets.xcassets */; };
		AB4EB516225D08E800C2CC76 /* LaunchScreen.storyboard in Resources */ = {isa = PBXBuildFile; fileRef = AB4EB514225D08E800C2CC76 /* LaunchScreen.storyboard */; };
		AB4EB520225D195800C2CC76 /* CrearTareaViewController.swift in Sources */ = {isa = PBXBuildFile; fileRef = AB4EB51F225D195800C2CC76 /* CrearTareaViewController.swift */; };
/* End PBXBuildFile section */

/* Begin PBXFileReference section */
		40D8BF83225D4B170065BB7F /* TareaCompletadaViewController.swift */ = {isa = PBXFileReference; lastKnownFileType = sourcecode.swift; path = TareaCompletadaViewController.swift; sourceTree = "<group>"; };
		AB4EB505225D08E800C2CC76 /* Tareas.app */ = {isa = PBXFileReference; explicitFileType = wrapper.application; includeInIndex = 0; path = Tareas.app; sourceTree = BUILT_PRODUCTS_DIR; };
		AB4EB508225D08E800C2CC76 /* AppDelegate.swift */ = {isa = PBXFileReference; lastKnownFileType = sourcecode.swift; path = AppDelegate.swift; sourceTree = "<group>"; };
		AB4EB50A225D08E800C2CC76 /* ViewController.swift */ = {isa = PBXFileReference; lastKnownFileType = sourcecode.swift; path = ViewController.swift; sourceTree = "<group>"; };
		AB4EB50D225D08E800C2CC76 /* Base */ = {isa = PBXFileReference; lastKnownFileType = file.storyboard; name = Base; path = Base.lproj/Main.storyboard; sourceTree = "<group>"; };
		AB4EB510225D08E800C2CC76 /* Tareas.xcdatamodel */ = {isa = PBXFileReference; lastKnownFileType = wrapper.xcdatamodel; path = Tareas.xcdatamodel; sourceTree = "<group>"; };
		AB4EB512225D08E800C2CC76 /* Assets.xcassets */ = {isa = PBXFileReference; lastKnownFileType = folder.assetcatalog; path = Assets.xcassets; sourceTree = "<group>"; };
		AB4EB515225D08E800C2CC76 /* Base */ = {isa = PBXFileReference; lastKnownFileType = file.storyboard; name = Base; path = Base.lproj/LaunchScreen.storyboard; sourceTree = "<group>"; };
		AB4EB517225D08E800C2CC76 /* Info.plist */ = {isa = PBXFileReference; lastKnownFileType = text.plist.xml; path = Info.plist; sourceTree = "<group>"; };
		AB4EB51F225D195800C2CC76 /* CrearTareaViewController.swift */ = {isa = PBXFileReference; lastKnownFileType = sourcecode.swift; path = CrearTareaViewController.swift; sourceTree = "<group>"; };
/* End PBXFileReference section */

/* Begin PBXFrameworksBuildPhase section */
		AB4EB502225D08E800C2CC76 /* Frameworks */ = {
			isa = PBXFrameworksBuildPhase;
			buildActionMask = 2147483647;
			files = (
			);
			runOnlyForDeploymentPostprocessing = 0;
		};
/* End PBXFrameworksBuildPhase section */

/* Begin PBXGroup section */
		AB4EB4FC225D08E800C2CC76 = {
			isa = PBXGroup;
			children = (
				AB4EB507225D08E800C2CC76 /* Tareas */,
				AB4EB506225D08E800C2CC76 /* Products */,
			);
			sourceTree = "<group>";
		};
		AB4EB506225D08E800C2CC76 /* Products */ = {
			isa = PBXGroup;
			children = (
				AB4EB505225D08E800C2CC76 /* Tareas.app */,
			);
			name = Products;
			sourceTree = "<group>";
		};
		AB4EB507225D08E800C2CC76 /* Tareas */ = {
			isa = PBXGroup;
			children = (
				AB4EB508225D08E800C2CC76 /* AppDelegate.swift */,
				AB4EB50A225D08E800C2CC76 /* ViewController.swift */,
				AB4EB50C225D08E800C2CC76 /* Main.storyboard */,
				AB4EB512225D08E800C2CC76 /* Assets.xcassets */,
				AB4EB514225D08E800C2CC76 /* LaunchScreen.storyboard */,
				AB4EB517225D08E800C2CC76 /* Info.plist */,
				AB4EB50F225D08E800C2CC76 /* Tareas.xcdatamodeld */,
				AB4EB51F225D195800C2CC76 /* CrearTareaViewController.swift */,
				40D8BF83225D4B170065BB7F /* TareaCompletadaViewController.swift */,
			);
			path = Tareas;
			sourceTree = "<group>";
		};
/* End PBXGroup section */

/* Begin PBXNativeTarget section */
		AB4EB504225D08E800C2CC76 /* Tareas */ = {
			isa = PBXNativeTarget;
			buildConfigurationList = AB4EB51A225D08E800C2CC76 /* Build configuration list for PBXNativeTarget "Tareas" */;
			buildPhases = (
				AB4EB501225D08E800C2CC76 /* Sources */,
				AB4EB502225D08E800C2CC76 /* Frameworks */,
				AB4EB503225D08E800C2CC76 /* Resources */,
			);
			buildRules = (
			);
			dependencies = (
			);
			name = Tareas;
			productName = Tareas;
			productReference = AB4EB505225D08E800C2CC76 /* Tareas.app */;
			productType = "com.apple.product-type.application";
		};
/* End PBXNativeTarget section */

/* Begin PBXProject section */
		AB4EB4FD225D08E800C2CC76 /* Project object */ = {
			isa = PBXProject;
			attributes = {
				LastSwiftUpdateCheck = 0920;
				LastUpgradeCheck = 0920;
				ORGANIZATIONNAME = Cafu;
				TargetAttributes = {
					AB4EB504225D08E800C2CC76 = {
						CreatedOnToolsVersion = 9.2;
						ProvisioningStyle = Automatic;
					};
				};
			};
			buildConfigurationList = AB4EB500225D08E800C2CC76 /* Build configuration list for PBXProject "Tareas" */;
			compatibilityVersion = "Xcode 8.0";
			developmentRegion = en;
			hasScannedForEncodings = 0;
			knownRegions = (
				en,
				Base,
			);
			mainGroup = AB4EB4FC225D08E800C2CC76;
			productRefGroup = AB4EB506225D08E800C2CC76 /* Products */;
			projectDirPath = "";
			projectRoot = "";
			targets = (
				AB4EB504225D08E800C2CC76 /* Tareas */,
			);
		};
/* End PBXProject section */

/* Begin PBXResourcesBuildPhase section */
		AB4EB503225D08E800C2CC76 /* Resources */ = {
			isa = PBXResourcesBuildPhase;
			buildActionMask = 2147483647;
			files = (
				AB4EB516225D08E800C2CC76 /* LaunchScreen.storyboard in Resources */,
				AB4EB513225D08E800C2CC76 /* Assets.xcassets in Resources */,
				AB4EB50E225D08E800C2CC76 /* Main.storyboard in Resources */,
			);
			runOnlyForDeploymentPostprocessing = 0;
		};
/* End PBXResourcesBuildPhase section */

/* Begin PBXSourcesBuildPhase section */
		AB4EB501225D08E800C2CC76 /* Sources */ = {
			isa = PBXSourcesBuildPhase;
			buildActionMask = 2147483647;
			files = (
				AB4EB520225D195800C2CC76 /* CrearTareaViewController.swift in Sources */,
				AB4EB50B225D08E800C2CC76 /* ViewController.swift in Sources */,
				AB4EB511225D08E800C2CC76 /* Tareas.xcdatamodeld in Sources */,
				AB4EB509225D08E800C2CC76 /* AppDelegate.swift in Sources */,
				40D8BF84225D4B170065BB7F /* TareaCompletadaViewController.swift in Sources */,
			);
			runOnlyForDeploymentPostprocessing = 0;
		};
/* End PBXSourcesBuildPhase section */

/* Begin PBXVariantGroup section */
		AB4EB50C225D08E800C2CC76 /* Main.storyboard */ = {
			isa = PBXVariantGroup;
			children = (
				AB4EB50D225D08E800C2CC76 /* Base */,
			);
			name = Main.storyboard;
			sourceTree = "<group>";
		};
		AB4EB514225D08E800C2CC76 /* LaunchScreen.storyboard */ = {
			isa = PBXVariantGroup;
			children = (
				AB4EB515225D08E800C2CC76 /* Base */,
			);
			name = LaunchScreen.storyboard;
			sourceTree = "<group>";
		};
/* End PBXVariantGroup section */

/* Begin XCBuildConfiguration section */
		AB4EB518225D08E800C2CC76 /* Debug */ = {
			isa = XCBuildConfiguration;
			buildSettings = {
				ALWAYS_SEARCH_USER_PATHS = NO;
				CLANG_ANALYZER_NONNULL = YES;
				CLANG_ANALYZER_NUMBER_OBJECT_CONVERSION = YES_AGGRESSIVE;
				CLANG_CXX_LANGUAGE_STANDARD = "gnu++14";
				CLANG_CXX_LIBRARY = "libc++";
				CLANG_ENABLE_MODULES = YES;
				CLANG_ENABLE_OBJC_ARC = YES;
				CLANG_WARN_BLOCK_CAPTURE_AUTORELEASING = YES;
				CLANG_WARN_BOOL_CONVERSION = YES;
				CLANG_WARN_COMMA = YES;
				CLANG_WARN_CONSTANT_CONVERSION = YES;
				CLANG_WARN_DIRECT_OBJC_ISA_USAGE = YES_ERROR;
				CLANG_WARN_DOCUMENTATION_COMMENTS = YES;
				CLANG_WARN_EMPTY_BODY = YES;
				CLANG_WARN_ENUM_CONVERSION = YES;
				CLANG_WARN_INFINITE_RECURSION = YES;
				CLANG_WARN_INT_CONVERSION = YES;
				CLANG_WARN_NON_LITERAL_NULL_CONVERSION = YES;
				CLANG_WARN_OBJC_LITERAL_CONVERSION = YES;
				CLANG_WARN_OBJC_ROOT_CLASS = YES_ERROR;
				CLANG_WARN_RANGE_LOOP_ANALYSIS = YES;
				CLANG_WARN_STRICT_PROTOTYPES = YES;
				CLANG_WARN_SUSPICIOUS_MOVE = YES;
				CLANG_WARN_UNGUARDED_AVAILABILITY = YES_AGGRESSIVE;
				CLANG_WARN_UNREACHABLE_CODE = YES;
				CLANG_WARN__DUPLICATE_METHOD_MATCH = YES;
				CODE_SIGN_IDENTITY = "iPhone Developer";
				COPY_PHASE_STRIP = NO;
				DEBUG_INFORMATION_FORMAT = dwarf;
				ENABLE_STRICT_OBJC_MSGSEND = YES;
				ENABLE_TESTABILITY = YES;
				GCC_C_LANGUAGE_STANDARD = gnu11;
				GCC_DYNAMIC_NO_PIC = NO;
				GCC_NO_COMMON_BLOCKS = YES;
				GCC_OPTIMIZATION_LEVEL = 0;
				GCC_PREPROCESSOR_DEFINITIONS = (
					"DEBUG=1",
					"$(inherited)",
				);
				GCC_WARN_64_TO_32_BIT_CONVERSION = YES;
				GCC_WARN_ABOUT_RETURN_TYPE = YES_ERROR;
				GCC_WARN_UNDECLARED_SELECTOR = YES;
				GCC_WARN_UNINITIALIZED_AUTOS = YES_AGGRESSIVE;
				GCC_WARN_UNUSED_FUNCTION = YES;
				GCC_WARN_UNUSED_VARIABLE = YES;
				IPHONEOS_DEPLOYMENT_TARGET = 11.2;
				MTL_ENABLE_DEBUG_INFO = YES;
				ONLY_ACTIVE_ARCH = YES;
				SDKROOT = iphoneos;
				SWIFT_ACTIVE_COMPILATION_CONDITIONS = DEBUG;
				SWIFT_OPTIMIZATION_LEVEL = "-Onone";
			};
			name = Debug;
		};
		AB4EB519225D08E800C2CC76 /* Release */ = {
			isa = XCBuildConfiguration;
			buildSettings = {
				ALWAYS_SEARCH_USER_PATHS = NO;
				CLANG_ANALYZER_NONNULL = YES;
				CLANG_ANALYZER_NUMBER_OBJECT_CONVERSION = YES_AGGRESSIVE;
				CLANG_CXX_LANGUAGE_STANDARD = "gnu++14";
				CLANG_CXX_LIBRARY = "libc++";
				CLANG_ENABLE_MODULES = YES;
				CLANG_ENABLE_OBJC_ARC = YES;
				CLANG_WARN_BLOCK_CAPTURE_AUTORELEASING = YES;
				CLANG_WARN_BOOL_CONVERSION = YES;
				CLANG_WARN_COMMA = YES;
				CLANG_WARN_CONSTANT_CONVERSION = YES;
				CLANG_WARN_DIRECT_OBJC_ISA_USAGE = YES_ERROR;
				CLANG_WARN_DOCUMENTATION_COMMENTS = YES;
				CLANG_WARN_EMPTY_BODY = YES;
				CLANG_WARN_ENUM_CONVERSION = YES;
				CLANG_WARN_INFINITE_RECURSION = YES;
				CLANG_WARN_INT_CONVERSION = YES;
				CLANG_WARN_NON_LITERAL_NULL_CONVERSION = YES;
				CLANG_WARN_OBJC_LITERAL_CONVERSION = YES;
				CLANG_WARN_OBJC_ROOT_CLASS = YES_ERROR;
				CLANG_WARN_RANGE_LOOP_ANALYSIS = YES;
				CLANG_WARN_STRICT_PROTOTYPES = YES;
				CLANG_WARN_SUSPICIOUS_MOVE = YES;
				CLANG_WARN_UNGUARDED_AVAILABILITY = YES_AGGRESSIVE;
				CLANG_WARN_UNREACHABLE_CODE = YES;
				CLANG_WARN__DUPLICATE_METHOD_MATCH = YES;
				CODE_SIGN_IDENTITY = "iPhone Developer";
				COPY_PHASE_STRIP = NO;
				DEBUG_INFORMATION_FORMAT = "dwarf-with-dsym";
				ENABLE_NS_ASSERTIONS = NO;
				ENABLE_STRICT_OBJC_MSGSEND = YES;
				GCC_C_LANGUAGE_STANDARD = gnu11;
				GCC_NO_COMMON_BLOCKS = YES;
				GCC_WARN_64_TO_32_BIT_CONVERSION = YES;
				GCC_WARN_ABOUT_RETURN_TYPE = YES_ERROR;
				GCC_WARN_UNDECLARED_SELECTOR = YES;
				GCC_WARN_UNINITIALIZED_AUTOS = YES_AGGRESSIVE;
				GCC_WARN_UNUSED_FUNCTION = YES;
				GCC_WARN_UNUSED_VARIABLE = YES;
				IPHONEOS_DEPLOYMENT_TARGET = 11.2;
				MTL_ENABLE_DEBUG_INFO = NO;
				SDKROOT = iphoneos;
				SWIFT_OPTIMIZATION_LEVEL = "-Owholemodule";
				VALIDATE_PRODUCT = YES;
			};
			name = Release;
		};
		AB4EB51B225D08E800C2CC76 /* Debug */ = {
			isa = XCBuildConfiguration;
			buildSettings = {
				ASSETCATALOG_COMPILER_APPICON_NAME = AppIcon;
				CODE_SIGN_STYLE = Automatic;
				DEVELOPMENT_TEAM = K8QFDMDRQ9;
				INFOPLIST_FILE = Tareas/Info.plist;
				LD_RUNPATH_SEARCH_PATHS = "$(inherited) @executable_path/Frameworks";
				PRODUCT_BUNDLE_IDENTIFIER = Tecsup.Tareas;
				PRODUCT_NAME = "$(TARGET_NAME)";
				SWIFT_VERSION = 4.0;
				TARGETED_DEVICE_FAMILY = "1,2";
			};
			name = Debug;
		};
		AB4EB51C225D08E800C2CC76 /* Release */ = {
			isa = XCBuildConfiguration;
			buildSettings = {
				ASSETCATALOG_COMPILER_APPICON_NAME = AppIcon;
				CODE_SIGN_STYLE = Automatic;
				DEVELOPMENT_TEAM = K8QFDMDRQ9;
				INFOPLIST_FILE = Tareas/Info.plist;
				LD_RUNPATH_SEARCH_PATHS = "$(inherited) @executable_path/Frameworks";
				PRODUCT_BUNDLE_IDENTIFIER = Tecsup.Tareas;
				PRODUCT_NAME = "$(TARGET_NAME)";
				SWIFT_VERSION = 4.0;
				TARGETED_DEVICE_FAMILY = "1,2";
			};
			name = Release;
		};
/* End XCBuildConfiguration section */

/* Begin XCConfigurationList section */
		AB4EB500225D08E800C2CC76 /* Build configuration list for PBXProject "Tareas" */ = {
			isa = XCConfigurationList;
			buildConfigurations = (
				AB4EB518225D08E800C2CC76 /* Debug */,
				AB4EB519225D08E800C2CC76 /* Release */,
			);
			defaultConfigurationIsVisible = 0;
			defaultConfigurationName = Release;
		};
		AB4EB51A225D08E800C2CC76 /* Build configuration list for PBXNativeTarget "Tareas" */ = {
			isa = XCConfigurationList;
			buildConfigurations = (
				AB4EB51B225D08E800C2CC76 /* Debug */,
				AB4EB51C225D08E800C2CC76 /* Release */,
			);
			defaultConfigurationIsVisible = 0;
			defaultConfigurationName = Release;
		};
/* End XCConfigurationList section */

/* Begin XCVersionGroup section */
		AB4EB50F225D08E800C2CC76 /* Tareas.xcdatamodeld */ = {
			isa = XCVersionGroup;
			children = (
				AB4EB510225D08E800C2CC76 /* Tareas.xcdatamodel */,
			);
			currentVersion = AB4EB510225D08E800C2CC76 /* Tareas.xcdatamodel */;
			path = Tareas.xcdatamodeld;
			sourceTree = "<group>";
			versionGroupType = wrapper.xcdatamodel;
		};
/* End XCVersionGroup section */
	};
	rootObject = AB4EB4FD225D08E800C2CC76 /* Project object */;
}
